lockfileVersion: '9.0'

settings:
  autoInstallPeers: true
  excludeLinksFromLockfile: false

importers:

  .:
    dependencies:
      alien-signals:
        specifier: ^2.0.7
        version: 2.0.7

packages:

  alien-signals@2.0.7:
    resolution: {integrity: sha512-wE7y3jmYeb0+h6mr5BOovuqhFv22O/MV9j5p0ndJsa7z1zJNPGQ4ph5pQk/kTTCWRC3xsA4SmtwmkzQO+7NCNg==}

snapshots:

  alien-signals@2.0.7: {}
